
Microsoft Visual Studio Solution File, Format Version 12.00
Project("{FAE04EC0-301F-11D3-BF4B-00C04F79EFBC}") = "wsolve", "wsolve\wsolve.csproj", "{99812A40-2D95-4F9B-9C89-70F961734D7C}"
EndProject
Global
	GlobalSection(SolutionConfigurationPlatforms) = preSolution
		Debug|Any CPU = Debug|Any CPU
		Release|Any CPU = Release|Any CPU
	EndGlobalSection
	GlobalSection(ProjectConfigurationPlatforms) = postSolution
		{99812A40-2D95-4F9B-9C89-70F961734D7C}.Debug|Any CPU.ActiveCfg = Debug|Any CPU
		{99812A40-2D95-4F9B-9C89-70F961734D7C}.Debug|Any CPU.Build.0 = Debug|Any CPU
		{99812A40-2D95-4F9B-9C89-70F961734D7C}.Release|Any CPU.ActiveCfg = Release|Any CPU
		{99812A40-2D95-4F9B-9C89-70F961734D7C}.Release|Any CPU.Build.0 = Release|Any CPU
		{99812A40-2D95-4F9B-9C89-70F961734D7C}.Debug|Any CPU.Deploy.0 = Debug|Any CPU
	EndGlobalSection
EndGlobal
